
Microsoft Visual Studio Solution File, Format Version 12.00
Project("{FAE04EC0-301F-11D3-BF4B-00C04F79EFBC}") = "Server", "Server\Server.csproj", "{B6069D2D-6A2C-4A29-B6EF-6521EA7955B0}"
EndProject
Project("{FAE04EC0-301F-11D3-BF4B-00C04F79EFBC}") = "Client", "Client\Client.csproj", "{9EE298E1-A2EA-4EF6-8736-3BDC1CD615A6}"
EndProject
Global
	GlobalSection(SolutionConfigurationPlatforms) = preSolution
		Debug|Any CPU = Debug|Any CPU
		Release|Any CPU = Release|Any CPU
	EndGlobalSection
	GlobalSection(ProjectConfigurationPlatforms) = postSolution
		{B6069D2D-6A2C-4A29-B6EF-6521EA7955B0}.Debug|Any CPU.ActiveCfg = Debug|Any CPU
		{B6069D2D-6A2C-4A29-B6EF-6521EA7955B0}.Debug|Any CPU.Build.0 = Debug|Any CPU
		{B6069D2D-6A2C-4A29-B6EF-6521EA7955B0}.Release|Any CPU.ActiveCfg = Release|Any CPU
		{B6069D2D-6A2C-4A29-B6EF-6521EA7955B0}.Release|Any CPU.Build.0 = Release|Any CPU
		{9EE298E1-A2EA-4EF6-8736-3BDC1CD615A6}.Debug|Any CPU.ActiveCfg = Debug|Any CPU
		{9EE298E1-A2EA-4EF6-8736-3BDC1CD615A6}.Debug|Any CPU.Build.0 = Debug|Any CPU
		{9EE298E1-A2EA-4EF6-8736-3BDC1CD615A6}.Release|Any CPU.ActiveCfg = Release|Any CPU
		{9EE298E1-A2EA-4EF6-8736-3BDC1CD615A6}.Release|Any CPU.Build.0 = Release|Any CPU
	EndGlobalSection
EndGlobal
