
Microsoft Visual Studio Solution File, Format Version 12.00
Project("{FAE04EC0-301F-11D3-BF4B-00C04F79EFBC}") = "Client", "Client\Client.csproj", "{93FF6C3B-DE07-4917-9EB0-6F72CCDDD1EE}"
EndProject
Project("{FAE04EC0-301F-11D3-BF4B-00C04F79EFBC}") = "Server", "Server\Server.csproj", "{A33A124B-2140-433D-95AA-461C4BAD63D3}"
EndProject
Global
	GlobalSection(SolutionConfigurationPlatforms) = preSolution
		Debug|Any CPU = Debug|Any CPU
		Release|Any CPU = Release|Any CPU
	EndGlobalSection
	GlobalSection(ProjectConfigurationPlatforms) = postSolution
		{93FF6C3B-DE07-4917-9EB0-6F72CCDDD1EE}.Debug|Any CPU.ActiveCfg = Debug|Any CPU
		{93FF6C3B-DE07-4917-9EB0-6F72CCDDD1EE}.Debug|Any CPU.Build.0 = Debug|Any CPU
		{93FF6C3B-DE07-4917-9EB0-6F72CCDDD1EE}.Release|Any CPU.ActiveCfg = Release|Any CPU
		{93FF6C3B-DE07-4917-9EB0-6F72CCDDD1EE}.Release|Any CPU.Build.0 = Release|Any CPU
		{A33A124B-2140-433D-95AA-461C4BAD63D3}.Debug|Any CPU.ActiveCfg = Debug|Any CPU
		{A33A124B-2140-433D-95AA-461C4BAD63D3}.Debug|Any CPU.Build.0 = Debug|Any CPU
		{A33A124B-2140-433D-95AA-461C4BAD63D3}.Release|Any CPU.ActiveCfg = Release|Any CPU
		{A33A124B-2140-433D-95AA-461C4BAD63D3}.Release|Any CPU.Build.0 = Release|Any CPU
	EndGlobalSection
EndGlobal
